
Microsoft Visual Studio Solution File, Format Version 12.00
# Visual Studio 15
VisualStudioVersion = 15.0.27130.2010
MinimumVisualStudioVersion = 10.0.40219.1
Project("{8BC9CEB8-8B4A-11D0-8D11-00A0C91BC942}") = "seachertree", "seachertree\seachertree.vcxproj", "{DE209581-D35A-451A-B249-05D0A67F4C0A}"
EndProject
Global
	GlobalSection(SolutionConfigurationPlatforms) = preSolution
		Debug|x64 = Debug|x64
		Debug|x86 = Debug|x86
		Release|x64 = Release|x64
		Release|x86 = Release|x86
	EndGlobalSection
	GlobalSection(ProjectConfigurationPlatforms) = postSolution
		{DE209581-D35A-451A-B249-05D0A67F4C0A}.Debug|x64.ActiveCfg = Debug|x64
		{DE209581-D35A-451A-B249-05D0A67F4C0A}.Debug|x64.Build.0 = Debug|x64
		{DE209581-D35A-451A-B249-05D0A67F4C0A}.Debug|x86.ActiveCfg = Debug|Win32
		{DE209581-D35A-451A-B249-05D0A67F4C0A}.Debug|x86.Build.0 = Debug|Win32
		{DE209581-D35A-451A-B249-05D0A67F4C0A}.Release|x64.ActiveCfg = Release|x64
		{DE209581-D35A-451A-B249-05D0A67F4C0A}.Release|x64.Build.0 = Release|x64
		{DE209581-D35A-451A-B249-05D0A67F4C0A}.Release|x86.ActiveCfg = Release|Win32
		{DE209581-D35A-451A-B249-05D0A67F4C0A}.Release|x86.Build.0 = Release|Win32
	EndGlobalSection
	GlobalSection(SolutionProperties) = preSolution
		HideSolutionNode = FALSE
	EndGlobalSection
	GlobalSection(ExtensibilityGlobals) = postSolution
		SolutionGuid = {FAE3416B-2046-432F-92EB-67094E15BF08}
	EndGlobalSection
EndGlobal
